// !$*UTF8*$!
{
	archiveVersion = 1;
	classes = {
	};
	objectVersion = 77;
	objects = {

/* Begin PBXBuildFile section */
		6A9154AE2FA2484900F47542 /* WidgetKit.framework in Frameworks */ = {isa = PBXBuildFile; fileRef = 6A9154AD2FA2484900F47542 /* WidgetKit.framework */; };
		6A9154B02FA2484900F47542 /* SwiftUI.framework in Frameworks */ = {isa = PBXBuildFile; fileRef = 6A9154AF2FA2484900F47542 /* SwiftUI.framework */; };
		6A9154C12FA2484A00F47542 /* VaultNoteWidgetExtension.appex in Embed Foundation Extensions */ = {isa = PBXBuildFile; fileRef = 6A9154AB2FA2484900F47542 /* VaultNoteWidgetExtension.appex */; settings = {ATTRIBUTES = (RemoveHeadersOnCopy, ); }; };
		6A9154D82FA2539600F47542 /* VaultNoteShare.appex in Embed Foundation Extensions */ = {isa = PBXBuildFile; fileRef = 6A9154CE2FA2539600F47542 /* VaultNoteShare.appex */; settings = {ATTRIBUTES = (RemoveHeadersOnCopy, ); }; };
/* End PBXBuildFile section */

/* Begin PBXContainerItemProxy section */
		6A706EC92F9DD010006956A0 /* PBXContainerItemProxy */ = {
			isa = PBXContainerItemProxy;
			containerPortal = 6A706EB32F9DD00F006956A0 /* Project object */;
			proxyType = 1;
			remoteGlobalIDString = 6A706EBA2F9DD00F006956A0;
			remoteInfo = VaultNote;
		};
		6A706ED32F9DD010006956A0 /* PBXContainerItemProxy */ = {
			isa = PBXContainerItemProxy;
			containerPortal = 6A706EB32F9DD00F006956A0 /* Project object */;
			proxyType = 1;
			remoteGlobalIDString = 6A706EBA2F9DD00F006956A0;
			remoteInfo = VaultNote;
		};
		6A9154BF2FA2484A00F47542 /* PBXContainerItemProxy */ = {
			isa = PBXContainerItemProxy;
			containerPortal = 6A706EB32F9DD00F006956A0 /* Project object */;
			proxyType = 1;
			remoteGlobalIDString = 6A9154AA2FA2484900F47542;
			remoteInfo = VaultNoteWidgetExtension;
		};
		6A9154D62FA2539600F47542 /* PBXContainerItemProxy */ = {
			isa = PBXContainerItemProxy;
			containerPortal = 6A706EB32F9DD00F006956A0 /* Project object */;
			proxyType = 1;
			remoteGlobalIDString = 6A9154CD2FA2539600F47542;
			remoteInfo = VaultNoteShare;
		};
/* End PBXContainerItemProxy section */

/* Begin PBXCopyFilesBuildPhase section */
		6A9154C62FA2484A00F47542 /* Embed Foundation Extensions */ = {
			isa = PBXCopyFilesBuildPhase;
			buildActionMask = 2147483647;
			dstPath = "";
			dstSubfolderSpec = 13;
			files = (
				6A9154C12FA2484A00F47542 /* VaultNoteWidgetExtension.appex in Embed Foundation Extensions */,
				6A9154D82FA2539600F47542 /* VaultNoteShare.appex in Embed Foundation Extensions */,
			);
			name = "Embed Foundation Extensions";
			runOnlyForDeploymentPostprocessing = 0;
		};
/* End PBXCopyFilesBuildPhase section */

/* Begin PBXFileReference section */
		6A706EBB2F9DD00F006956A0 /* VaultNote.app */ = {isa = PBXFileReference; explicitFileType = wrapper.application; includeInIndex = 0; path = VaultNote.app; sourceTree = BUILT_PRODUCTS_DIR; };
		6A706EC82F9DD010006956A0 /* VaultNoteTests.xctest */ = {isa = PBXFileReference; explicitFileType = wrapper.cfbundle; includeInIndex = 0; path = VaultNoteTests.xctest; sourceTree = BUILT_PRODUCTS_DIR; };
		6A706ED22F9DD010006956A0 /* VaultNoteUITests.xctest */ = {isa = PBXFileReference; explicitFileType = wrapper.cfbundle; includeInIndex = 0; path = VaultNoteUITests.xctest; sourceTree = BUILT_PRODUCTS_DIR; };
		6A9154AB2FA2484900F47542 /* VaultNoteWidgetExtension.appex */ = {isa = PBXFileReference; explicitFileType = "wrapper.app-extension"; includeInIndex = 0; path = VaultNoteWidgetExtension.appex; sourceTree = BUILT_PRODUCTS_DIR; };
		6A9154AD2FA2484900F47542 /* WidgetKit.framework */ = {isa = PBXFileReference; lastKnownFileType = wrapper.framework; name = WidgetKit.framework; path = System/Library/Frameworks/WidgetKit.framework; sourceTree = SDKROOT; };
		6A9154AF2FA2484900F47542 /* SwiftUI.framework */ = {isa = PBXFileReference; lastKnownFileType = wrapper.framework; name = SwiftUI.framework; path = System/Library/Frameworks/SwiftUI.framework; sourceTree = SDKROOT; };
		6A9154C72FA2485F00F47542 /* VaultNoteWidgetExtension.entitlements */ = {isa = PBXFileReference; lastKnownFileType = text.plist.entitlements; path = VaultNoteWidgetExtension.entitlements; sourceTree = "<group>"; };
		6A9154CE2FA2539600F47542 /* VaultNoteShare.appex */ = {isa = PBXFileReference; explicitFileType = "wrapper.app-extension"; includeInIndex = 0; path = VaultNoteShare.appex; sourceTree = BUILT_PRODUCTS_DIR; };
/* End PBXFileReference section */

/* Begin PBXFileSystemSynchronizedBuildFileExceptionSet section */
		6A9154C22FA2484A00F47542 /* Exceptions for "VaultNoteWidget" folder in "VaultNoteWidgetExtension" target */ = {
			isa = PBXFileSystemSynchronizedBuildFileExceptionSet;
			membershipExceptions = (
				Info.plist,
			);
			target = 6A9154AA2FA2484900F47542 /* VaultNoteWidgetExtension */;
		};
		6A9154D92FA2539600F47542 /* Exceptions for "VaultNoteShare" folder in "VaultNoteShare" target */ = {
			isa = PBXFileSystemSynchronizedBuildFileExceptionSet;
			membershipExceptions = (
				Info.plist,
			);
			target = 6A9154CD2FA2539600F47542 /* VaultNoteShare */;
		};
		6A9157D02FA2D8F300F47542 /* Exceptions for "VaultNote" folder in "VaultNote" target */ = {
			isa = PBXFileSystemSynchronizedBuildFileExceptionSet;
			membershipExceptions = (
				Info.plist,
			);
			target = 6A706EBA2F9DD00F006956A0 /* VaultNote */;
		};
/* End PBXFileSystemSynchronizedBuildFileExceptionSet section */

/* Begin PBXFileSystemSynchronizedRootGroup section */
		6A706EBD2F9DD00F006956A0 /* VaultNote */ = {
			isa = PBXFileSystemSynchronizedRootGroup;
			exceptions = (
				6A9157D02FA2D8F300F47542 /* Exceptions for "VaultNote" folder in "VaultNote" target */,
			);
			path = VaultNote;
			sourceTree = "<group>";
		};
		6A706ECB2F9DD010006956A0 /* VaultNoteTests */ = {
			isa = PBXFileSystemSynchronizedRootGroup;
			path = VaultNoteTests;
			sourceTree = "<group>";
		};
		6A706ED52F9DD010006956A0 /* VaultNoteUITests */ = {
			isa = PBXFileSystemSynchronizedRootGroup;
			path = VaultNoteUITests;
			sourceTree = "<group>";
		};
		6A9154B12FA2484900F47542 /* VaultNoteWidget */ = {
			isa = PBXFileSystemSynchronizedRootGroup;
			exceptions = (
				6A9154C22FA2484A00F47542 /* Exceptions for "VaultNoteWidget" folder in "VaultNoteWidgetExtension" target */,
			);
			path = VaultNoteWidget;
			sourceTree = "<group>";
		};
		6A9154CF2FA2539600F47542 /* VaultNoteShare */ = {
			isa = PBXFileSystemSynchronizedRootGroup;
			exceptions = (
				6A9154D92FA2539600F47542 /* Exceptions for "VaultNoteShare" folder in "VaultNoteShare" target */,
			);
			path = VaultNoteShare;
			sourceTree = "<group>";
		};
/* End PBXFileSystemSynchronizedRootGroup section */

/* Begin PBXFrameworksBuildPhase section */
		6A706EB82F9DD00F006956A0 /* Frameworks */ = {
			isa = PBXFrameworksBuildPhase;
			buildActionMask = 2147483647;
			files = (
			);
			runOnlyForDeploymentPostprocessing = 0;
		};
		6A706EC52F9DD010006956A0 /* Frameworks */ = {
			isa = PBXFrameworksBuildPhase;
			buildActionMask = 2147483647;
			files = (
			);
			runOnlyForDeploymentPostprocessing = 0;
		};
		6A706ECF2F9DD010006956A0 /* Frameworks */ = {
			isa = PBXFrameworksBuildPhase;
			buildActionMask = 2147483647;
			files = (
			);
			runOnlyForDeploymentPostprocessing = 0;
		};
		6A9154A82FA2484900F47542 /* Frameworks */ = {
			isa = PBXFrameworksBuildPhase;
			buildActionMask = 2147483647;
			files = (
				6A9154B02FA2484900F47542 /* SwiftUI.framework in Frameworks */,
				6A9154AE2FA2484900F47542 /* WidgetKit.framework in Frameworks */,
			);
			runOnlyForDeploymentPostprocessing = 0;
		};
		6A9154CB2FA2539600F47542 /* Frameworks */ = {
			isa = PBXFrameworksBuildPhase;
			buildActionMask = 2147483647;
			files = (
			);
			runOnlyForDeploymentPostprocessing = 0;
		};
/* End PBXFrameworksBuildPhase section */

/* Begin PBXGroup section */
		6A706EB22F9DD00F006956A0 = {
			isa = PBXGroup;
			children = (
				6A9154C72FA2485F00F47542 /* VaultNoteWidgetExtension.entitlements */,
				6A706EBD2F9DD00F006956A0 /* VaultNote */,
				6A706ECB2F9DD010006956A0 /* VaultNoteTests */,
				6A706ED52F9DD010006956A0 /* VaultNoteUITests */,
				6A9154B12FA2484900F47542 /* VaultNoteWidget */,
				6A9154CF2FA2539600F47542 /* VaultNoteShare */,
				6A9154AC2FA2484900F47542 /* Frameworks */,
				6A706EBC2F9DD00F006956A0 /* Products */,
			);
			sourceTree = "<group>";
		};
		6A706EBC2F9DD00F006956A0 /* Products */ = {
			isa = PBXGroup;
			children = (
				6A706EBB2F9DD00F006956A0 /* VaultNote.app */,
				6A706EC82F9DD010006956A0 /* VaultNoteTests.xctest */,
				6A706ED22F9DD010006956A0 /* VaultNoteUITests.xctest */,
				6A9154AB2FA2484900F47542 /* VaultNoteWidgetExtension.appex */,
				6A9154CE2FA2539600F47542 /* VaultNoteShare.appex */,
			);
			name = Products;
			sourceTree = "<group>";
		};
		6A9154AC2FA2484900F47542 /* Frameworks */ = {
			isa = PBXGroup;
			children = (
				6A9154AD2FA2484900F47542 /* WidgetKit.framework */,
				6A9154AF2FA2484900F47542 /* SwiftUI.framework */,
			);
			name = Frameworks;
			sourceTree = "<group>";
		};
/* End PBXGroup section */

/* Begin PBXNativeTarget section */
		6A706EBA2F9DD00F006956A0 /* VaultNote */ = {
			isa = PBXNativeTarget;
			buildConfigurationList = 6A706EDC2F9DD010006956A0 /* Build configuration list for PBXNativeTarget "VaultNote" */;
			buildPhases = (
				6A706EB72F9DD00F006956A0 /* Sources */,
				6A706EB82F9DD00F006956A0 /* Frameworks */,
				6A706EB92F9DD00F006956A0 /* Resources */,
				6A9154C62FA2484A00F47542 /* Embed Foundation Extensions */,
			);
			buildRules = (
			);
			dependencies = (
				6A9154C02FA2484A00F47542 /* PBXTargetDependency */,
				6A9154D72FA2539600F47542 /* PBXTargetDependency */,
			);
			fileSystemSynchronizedGroups = (
				6A706EBD2F9DD00F006956A0 /* VaultNote */,
			);
			name = VaultNote;
			packageProductDependencies = (
			);
			productName = VaultNote;
			productReference = 6A706EBB2F9DD00F006956A0 /* VaultNote.app */;
			productType = "com.apple.product-type.application";
		};
		6A706EC72F9DD010006956A0 /* VaultNoteTests */ = {
			isa = PBXNativeTarget;
			buildConfigurationList = 6A706EDF2F9DD010006956A0 /* Build configuration list for PBXNativeTarget "VaultNoteTests" */;
			buildPhases = (
				6A706EC42F9DD010006956A0 /* Sources */,
				6A706EC52F9DD010006956A0 /* Frameworks */,
				6A706EC62F9DD010006956A0 /* Resources */,
			);
			buildRules = (
			);
			dependencies = (
				6A706ECA2F9DD010006956A0 /* PBXTargetDependency */,
			);
			fileSystemSynchronizedGroups = (
				6A706ECB2F9DD010006956A0 /* VaultNoteTests */,
			);
			name = VaultNoteTests;
			packageProductDependencies = (
			);
			productName = VaultNoteTests;
			productReference = 6A706EC82F9DD010006956A0 /* VaultNoteTests.xctest */;
			productType = "com.apple.product-type.bundle.unit-test";
		};
		6A706ED12F9DD010006956A0 /* VaultNoteUITests */ = {
			isa = PBXNativeTarget;
			buildConfigurationList = 6A706EE22F9DD010006956A0 /* Build configuration list for PBXNativeTarget "VaultNoteUITests" */;
			buildPhases = (
				6A706ECE2F9DD010006956A0 /* Sources */,
				6A706ECF2F9DD010006956A0 /* Frameworks */,
				6A706ED02F9DD010006956A0 /* Resources */,
			);
			buildRules = (
			);
			dependencies = (
				6A706ED42F9DD010006956A0 /* PBXTargetDependency */,
			);
			fileSystemSynchronizedGroups = (
				6A706ED52F9DD010006956A0 /* VaultNoteUITests */,
			);
			name = VaultNoteUITests;
			packageProductDependencies = (
			);
			productName = VaultNoteUITests;
			productReference = 6A706ED22F9DD010006956A0 /* VaultNoteUITests.xctest */;
			productType = "com.apple.product-type.bundle.ui-testing";
		};
		6A9154AA2FA2484900F47542 /* VaultNoteWidgetExtension */ = {
			isa = PBXNativeTarget;
			buildConfigurationList = 6A9154C32FA2484A00F47542 /* Build configuration list for PBXNativeTarget "VaultNoteWidgetExtension" */;
			buildPhases = (
				6A9154A72FA2484900F47542 /* Sources */,
				6A9154A82FA2484900F47542 /* Frameworks */,
				6A9154A92FA2484900F47542 /* Resources */,
			);
			buildRules = (
			);
			dependencies = (
			);
			fileSystemSynchronizedGroups = (
				6A9154B12FA2484900F47542 /* VaultNoteWidget */,
			);
			name = VaultNoteWidgetExtension;
			packageProductDependencies = (
			);
			productName = VaultNoteWidgetExtension;
			productReference = 6A9154AB2FA2484900F47542 /* VaultNoteWidgetExtension.appex */;
			productType = "com.apple.product-type.app-extension";
		};
		6A9154CD2FA2539600F47542 /* VaultNoteShare */ = {
			isa = PBXNativeTarget;
			buildConfigurationList = 6A9154DA2FA2539600F47542 /* Build configuration list for PBXNativeTarget "VaultNoteShare" */;
			buildPhases = (
				6A9154CA2FA2539600F47542 /* Sources */,
				6A9154CB2FA2539600F47542 /* Frameworks */,
				6A9154CC2FA2539600F47542 /* Resources */,
			);
			buildRules = (
			);
			dependencies = (
			);
			fileSystemSynchronizedGroups = (
				6A9154CF2FA2539600F47542 /* VaultNoteShare */,
			);
			name = VaultNoteShare;
			packageProductDependencies = (
			);
			productName = VaultNoteShare;
			productReference = 6A9154CE2FA2539600F47542 /* VaultNoteShare.appex */;
			productType = "com.apple.product-type.app-extension";
		};
/* End PBXNativeTarget section */

/* Begin PBXProject section */
		6A706EB32F9DD00F006956A0 /* Project object */ = {
			isa = PBXProject;
			attributes = {
				BuildIndependentTargetsInParallel = 1;
				LastSwiftUpdateCheck = 2640;
				LastUpgradeCheck = 1630;
				TargetAttributes = {
					6A706EBA2F9DD00F006956A0 = {
						CreatedOnToolsVersion = 16.3;
					};
					6A706EC72F9DD010006956A0 = {
						CreatedOnToolsVersion = 16.3;
						TestTargetID = 6A706EBA2F9DD00F006956A0;
					};
					6A706ED12F9DD010006956A0 = {
						CreatedOnToolsVersion = 16.3;
						TestTargetID = 6A706EBA2F9DD00F006956A0;
					};
					6A9154AA2FA2484900F47542 = {
						CreatedOnToolsVersion = 26.4.1;
					};
					6A9154CD2FA2539600F47542 = {
						CreatedOnToolsVersion = 26.4.1;
					};
				};
			};
			buildConfigurationList = 6A706EB62F9DD00F006956A0 /* Build configuration list for PBXProject "VaultNote" */;
			developmentRegion = en;
			hasScannedForEncodings = 0;
			knownRegions = (
				en,
				Base,
			);
			mainGroup = 6A706EB22F9DD00F006956A0;
			minimizedProjectReferenceProxies = 1;
			preferredProjectObjectVersion = 77;
			productRefGroup = 6A706EBC2F9DD00F006956A0 /* Products */;
			projectDirPath = "";
			projectRoot = "";
			targets = (
				6A706EBA2F9DD00F006956A0 /* VaultNote */,
				6A706EC72F9DD010006956A0 /* VaultNoteTests */,
				6A706ED12F9DD010006956A0 /* VaultNoteUITests */,
				6A9154AA2FA2484900F47542 /* VaultNoteWidgetExtension */,
				6A9154CD2FA2539600F47542 /* VaultNoteShare */,
			);
		};
/* End PBXProject section */

/* Begin PBXResourcesBuildPhase section */
		6A706EB92F9DD00F006956A0 /* Resources */ = {
			isa = PBXResourcesBuildPhase;
			buildActionMask = 2147483647;
			files = (
			);
			runOnlyForDeploymentPostprocessing = 0;
		};
		6A706EC62F9DD010006956A0 /* Resources */ = {
			isa = PBXResourcesBuildPhase;
			buildActionMask = 2147483647;
			files = (
			);
			runOnlyForDeploymentPostprocessing = 0;
		};
		6A706ED02F9DD010006956A0 /* Resources */ = {
			isa = PBXResourcesBuildPhase;
			buildActionMask = 2147483647;
			files = (
			);
			runOnlyForDeploymentPostprocessing = 0;
		};
		6A9154A92FA2484900F47542 /* Resources */ = {
			isa = PBXResourcesBuildPhase;
			buildActionMask = 2147483647;
			files = (
			);
			runOnlyForDeploymentPostprocessing = 0;
		};
		6A9154CC2FA2539600F47542 /* Resources */ = {
			isa = PBXResourcesBuildPhase;
			buildActionMask = 2147483647;
			files = (
			);
			runOnlyForDeploymentPostprocessing = 0;
		};
/* End PBXResourcesBuildPhase section */

/* Begin PBXSourcesBuildPhase section */
		6A706EB72F9DD00F006956A0 /* Sources */ = {
			isa = PBXSourcesBuildPhase;
			buildActionMask = 2147483647;
			files = (
			);
			runOnlyForDeploymentPostprocessing = 0;
		};
		6A706EC42F9DD010006956A0 /* Sources */ = {
			isa = PBXSourcesBuildPhase;
			buildActionMask = 2147483647;
			files = (
			);
			runOnlyForDeploymentPostprocessing = 0;
		};
		6A706ECE2F9DD010006956A0 /* Sources */ = {
			isa = PBXSourcesBuildPhase;
			buildActionMask = 2147483647;
			files = (
			);
			runOnlyForDeploymentPostprocessing = 0;
		};
		6A9154A72FA2484900F47542 /* Sources */ = {
			isa = PBXSourcesBuildPhase;
			buildActionMask = 2147483647;
			files = (
			);
			runOnlyForDeploymentPostprocessing = 0;
		};
		6A9154CA2FA2539600F47542 /* Sources */ = {
			isa = PBXSourcesBuildPhase;
			buildActionMask = 2147483647;
			files = (
			);
			runOnlyForDeploymentPostprocessing = 0;
		};
/* End PBXSourcesBuildPhase section */

/* Begin PBXTargetDependency section */
		6A706ECA2F9DD010006956A0 /* PBXTargetDependency */ = {
			isa = PBXTargetDependency;
			target = 6A706EBA2F9DD00F006956A0 /* VaultNote */;
			targetProxy = 6A706EC92F9DD010006956A0 /* PBXContainerItemProxy */;
		};
		6A706ED42F9DD010006956A0 /* PBXTargetDependency */ = {
			isa = PBXTargetDependency;
			target = 6A706EBA2F9DD00F006956A0 /* VaultNote */;
			targetProxy = 6A706ED32F9DD010006956A0 /* PBXContainerItemProxy */;
		};
		6A9154C02FA2484A00F47542 /* PBXTargetDependency */ = {
			isa = PBXTargetDependency;
			target = 6A9154AA2FA2484900F47542 /* VaultNoteWidgetExtension */;
			targetProxy = 6A9154BF2FA2484A00F47542 /* PBXContainerItemProxy */;
		};
		6A9154D72FA2539600F47542 /* PBXTargetDependency */ = {
			isa = PBXTargetDependency;
			target = 6A9154CD2FA2539600F47542 /* VaultNoteShare */;
			targetProxy = 6A9154D62FA2539600F47542 /* PBXContainerItemProxy */;
		};
/* End PBXTargetDependency section */

/* Begin XCBuildConfiguration section */
		6A706EDA2F9DD010006956A0 /* Debug */ = {
			isa = XCBuildConfiguration;
			buildSettings = {
				ALWAYS_SEARCH_USER_PATHS = NO;
				ASSETCATALOG_COMPILER_GENERATE_SWIFT_ASSET_SYMBOL_EXTENSIONS = YES;
				CLANG_ANALYZER_NONNULL = YES;
				CLANG_ANALYZER_NUMBER_OBJECT_CONVERSION = YES_AGGRESSIVE;
				CLANG_CXX_LANGUAGE_STANDARD = "gnu++20";
				CLANG_ENABLE_MODULES = YES;
				CLANG_ENABLE_OBJC_ARC = YES;
				CLANG_ENABLE_OBJC_WEAK = YES;
				CLANG_WARN_BLOCK_CAPTURE_AUTORELEASING = YES;
				CLANG_WARN_BOOL_CONVERSION = YES;
				CLANG_WARN_COMMA = YES;
				CLANG_WARN_CONSTANT_CONVERSION = YES;
				CLANG_WARN_DEPRECATED_OBJC_IMPLEMENTATIONS = YES;
				CLANG_WARN_DIRECT_OBJC_ISA_USAGE = YES_ERROR;
				CLANG_WARN_DOCUMENTATION_COMMENTS = YES;
				CLANG_WARN_EMPTY_BODY = YES;
				CLANG_WARN_ENUM_CONVERSION = YES;
				CLANG_WARN_INFINITE_RECURSION = YES;
				CLANG_WARN_INT_CONVERSION = YES;
				CLANG_WARN_NON_LITERAL_NULL_CONVERSION = YES;
				CLANG_WARN_OBJC_IMPLICIT_RETAIN_SELF = YES;
				CLANG_WARN_OBJC_LITERAL_CONVERSION = YES;
				CLANG_WARN_OBJC_ROOT_CLASS = YES_ERROR;
				CLANG_WARN_QUOTED_INCLUDE_IN_FRAMEWORK_HEADER = YES;
				CLANG_WARN_RANGE_LOOP_ANALYSIS = YES;
				CLANG_WARN_STRICT_PROTOTYPES = YES;
				CLANG_WARN_SUSPICIOUS_MOVE = YES;
				CLANG_WARN_UNGUARDED_AVAILABILITY = YES_AGGRESSIVE;
				CLANG_WARN_UNREACHABLE_CODE = YES;
				CLANG_WARN__DUPLICATE_METHOD_MATCH = YES;
				COPY_PHASE_STRIP = NO;
				DEBUG_INFORMATION_FORMAT = dwarf;
				DEVELOPMENT_TEAM = JP4TN5PTS3;
				ENABLE_STRICT_OBJC_MSGSEND = YES;
				ENABLE_TESTABILITY = YES;
				ENABLE_USER_SCRIPT_SANDBOXING = YES;
				GCC_C_LANGUAGE_STANDARD = gnu17;
				GCC_DYNAMIC_NO_PIC = NO;
				GCC_NO_COMMON_BLOCKS = YES;
				GCC_OPTIMIZATION_LEVEL = 0;
				GCC_PREPROCESSOR_DEFINITIONS = (
					"DEBUG=1",
					"$(inherited)",
				);
				GCC_WARN_64_TO_32_BIT_CONVERSION = YES;
				GCC_WARN_ABOUT_RETURN_TYPE = YES_ERROR;
				GCC_WARN_UNDECLARED_SELECTOR = YES;
				GCC_WARN_UNINITIALIZED_AUTOS = YES_AGGRESSIVE;
				GCC_WARN_UNUSED_FUNCTION = YES;
				GCC_WARN_UNUSED_VARIABLE = YES;
				IPHONEOS_DEPLOYMENT_TARGET = 18.4;
				LOCALIZATION_PREFERS_STRING_CATALOGS = YES;
				MARKETING_VERSION = 1.0.0;
				MTL_ENABLE_DEBUG_INFO = INCLUDE_SOURCE;
				MTL_FAST_MATH = YES;
				ONLY_ACTIVE_ARCH = YES;
				SDKROOT = iphoneos;
				SWIFT_ACTIVE_COMPILATION_CONDITIONS = "DEBUG $(inherited)";
				SWIFT_OPTIMIZATION_LEVEL = "-Onone";
			};
			name = Debug;
		};
		6A706EDB2F9DD010006956A0 /* Release */ = {
			isa = XCBuildConfiguration;
			buildSettings = {
				ALWAYS_SEARCH_USER_PATHS = NO;
				ASSETCATALOG_COMPILER_GENERATE_SWIFT_ASSET_SYMBOL_EXTENSIONS = YES;
				CLANG_ANALYZER_NONNULL = YES;
				CLANG_ANALYZER_NUMBER_OBJECT_CONVERSION = YES_AGGRESSIVE;
				CLANG_CXX_LANGUAGE_STANDARD = "gnu++20";
				CLANG_ENABLE_MODULES = YES;
				CLANG_ENABLE_OBJC_ARC = YES;
				CLANG_ENABLE_OBJC_WEAK = YES;
				CLANG_WARN_BLOCK_CAPTURE_AUTORELEASING = YES;
				CLANG_WARN_BOOL_CONVERSION = YES;
				CLANG_WARN_COMMA = YES;
				CLANG_WARN_CONSTANT_CONVERSION = YES;
				CLANG_WARN_DEPRECATED_OBJC_IMPLEMENTATIONS = YES;
				CLANG_WARN_DIRECT_OBJC_ISA_USAGE = YES_ERROR;
				CLANG_WARN_DOCUMENTATION_COMMENTS = YES;
				CLANG_WARN_EMPTY_BODY = YES;
				CLANG_WARN_ENUM_CONVERSION = YES;
				CLANG_WARN_INFINITE_RECURSION = YES;
				CLANG_WARN_INT_CONVERSION = YES;
				CLANG_WARN_NON_LITERAL_NULL_CONVERSION = YES;
				CLANG_WARN_OBJC_IMPLICIT_RETAIN_SELF = YES;
				CLANG_WARN_OBJC_LITERAL_CONVERSION = YES;
				CLANG_WARN_OBJC_ROOT_CLASS = YES_ERROR;
				CLANG_WARN_QUOTED_INCLUDE_IN_FRAMEWORK_HEADER = YES;
				CLANG_WARN_RANGE_LOOP_ANALYSIS = YES;
				CLANG_WARN_STRICT_PROTOTYPES = YES;
				CLANG_WARN_SUSPICIOUS_MOVE = YES;
				CLANG_WARN_UNGUARDED_AVAILABILITY = YES_AGGRESSIVE;
				CLANG_WARN_UNREACHABLE_CODE = YES;
				CLANG_WARN__DUPLICATE_METHOD_MATCH = YES;
				COPY_PHASE_STRIP = NO;
				DEBUG_INFORMATION_FORMAT = "dwarf-with-dsym";
				DEVELOPMENT_TEAM = JP4TN5PTS3;
				ENABLE_NS_ASSERTIONS = NO;
				ENABLE_STRICT_OBJC_MSGSEND = YES;
				ENABLE_USER_SCRIPT_SANDBOXING = YES;
				GCC_C_LANGUAGE_STANDARD = gnu17;
				GCC_NO_COMMON_BLOCKS = YES;
				GCC_WARN_64_TO_32_BIT_CONVERSION = YES;
				GCC_WARN_ABOUT_RETURN_TYPE = YES_ERROR;
				GCC_WARN_UNDECLARED_SELECTOR = YES;
				GCC_WARN_UNINITIALIZED_AUTOS = YES_AGGRESSIVE;
				GCC_WARN_UNUSED_FUNCTION = YES;
				GCC_WARN_UNUSED_VARIABLE = YES;
				IPHONEOS_DEPLOYMENT_TARGET = 18.4;
				LOCALIZATION_PREFERS_STRING_CATALOGS = YES;
				MARKETING_VERSION = 1.0.0;
				MTL_ENABLE_DEBUG_INFO = NO;
				MTL_FAST_MATH = YES;
				SDKROOT = iphoneos;
				SWIFT_COMPILATION_MODE = wholemodule;
				VALIDATE_PRODUCT = YES;
			};
			name = Release;
		};
		6A706EDD2F9DD010006956A0 /* Debug */ = {
			isa = XCBuildConfiguration;
			buildSettings = {
				ASSETCATALOG_COMPILER_APPICON_NAME = AppIcon;
				ASSETCATALOG_COMPILER_GLOBAL_ACCENT_COLOR_NAME = AccentColor;
				CODE_SIGN_ENTITLEMENTS = VaultNote/VaultNote.entitlements;
				CODE_SIGN_STYLE = Automatic;
				CURRENT_PROJECT_VERSION = 1;
				DEVELOPMENT_TEAM = JP4TN5PTS3;
				ENABLE_PREVIEWS = YES;
				GENERATE_INFOPLIST_FILE = YES;
				INFOPLIST_FILE = VaultNote/Info.plist;
				INFOPLIST_KEY_NSFaceIDUsageDescription = "VaultNote uses Face ID to protect your encrypted notes";
				INFOPLIST_KEY_NSLocationWhenInUseUsageDescription = "VaultNote uses your location to unlock geo-fenced notes when you're in the designated area.";
				INFOPLIST_KEY_NSMicrophoneUsageDescription = "VaultNote needs microphone access to record encrypted voice memos.";
				INFOPLIST_KEY_NSPhotoLibraryUsageDescription = "VaultNote needs photo library access to import and encrypt your photos.";
				INFOPLIST_KEY_UIApplicationSceneManifest_Generation = YES;
				INFOPLIST_KEY_UIApplicationSupportsIndirectInputEvents = YES;
				INFOPLIST_KEY_UILaunchScreen_Generation = YES;
				INFOPLIST_KEY_UISupportedInterfaceOrientations_iPad = "UIInterfaceOrientationPortrait UIInterfaceOrientationPortraitUpsideDown UIInterfaceOrientationLandscapeLeft UIInterfaceOrientationLandscapeRight";
				INFOPLIST_KEY_UISupportedInterfaceOrientations_iPhone = "UIInterfaceOrientationPortrait UIInterfaceOrientationLandscapeLeft UIInterfaceOrientationLandscapeRight";
				IPHONEOS_DEPLOYMENT_TARGET = 17.0;
				LD_RUNPATH_SEARCH_PATHS = (
					"$(inherited)",
					"@executable_path/Frameworks",
				);
				PRODUCT_BUNDLE_IDENTIFIER = com.zzoutuo.VaultNote;
				PRODUCT_NAME = "$(TARGET_NAME)";
				SWIFT_EMIT_LOC_STRINGS = YES;
				SWIFT_VERSION = 5.0;
				TARGETED_DEVICE_FAMILY = "1,2";
			};
			name = Debug;
		};
		6A706EDE2F9DD010006956A0 /* Release */ = {
			isa = XCBuildConfiguration;
			buildSettings = {
				ASSETCATALOG_COMPILER_APPICON_NAME = AppIcon;
				ASSETCATALOG_COMPILER_GLOBAL_ACCENT_COLOR_NAME = AccentColor;
				CODE_SIGN_ENTITLEMENTS = VaultNote/VaultNote.entitlements;
				CODE_SIGN_STYLE = Automatic;
				CURRENT_PROJECT_VERSION = 1;
				DEVELOPMENT_TEAM = JP4TN5PTS3;
				ENABLE_PREVIEWS = YES;
				GENERATE_INFOPLIST_FILE = YES;
				INFOPLIST_FILE = VaultNote/Info.plist;
				INFOPLIST_KEY_NSFaceIDUsageDescription = "VaultNote uses Face ID to protect your encrypted notes";
				INFOPLIST_KEY_NSLocationWhenInUseUsageDescription = "VaultNote uses your location to unlock geo-fenced notes when you're in the designated area.";
				INFOPLIST_KEY_NSMicrophoneUsageDescription = "VaultNote needs microphone access to record encrypted voice memos.";
				INFOPLIST_KEY_NSPhotoLibraryUsageDescription = "VaultNote needs photo library access to import and encrypt your photos.";
				INFOPLIST_KEY_UIApplicationSceneManifest_Generation = YES;
				INFOPLIST_KEY_UIApplicationSupportsIndirectInputEvents = YES;
				INFOPLIST_KEY_UILaunchScreen_Generation = YES;
				INFOPLIST_KEY_UISupportedInterfaceOrientations_iPad = "UIInterfaceOrientationPortrait UIInterfaceOrientationPortraitUpsideDown UIInterfaceOrientationLandscapeLeft UIInterfaceOrientationLandscapeRight";
				INFOPLIST_KEY_UISupportedInterfaceOrientations_iPhone = "UIInterfaceOrientationPortrait UIInterfaceOrientationLandscapeLeft UIInterfaceOrientationLandscapeRight";
				IPHONEOS_DEPLOYMENT_TARGET = 17.0;
				LD_RUNPATH_SEARCH_PATHS = (
					"$(inherited)",
					"@executable_path/Frameworks",
				);
				PRODUCT_BUNDLE_IDENTIFIER = com.zzoutuo.VaultNote;
				PRODUCT_NAME = "$(TARGET_NAME)";
				SWIFT_EMIT_LOC_STRINGS = YES;
				SWIFT_VERSION = 5.0;
				TARGETED_DEVICE_FAMILY = "1,2";
			};
			name = Release;
		};
		6A706EE02F9DD010006956A0 /* Debug */ = {
			isa = XCBuildConfiguration;
			buildSettings = {
				BUNDLE_LOADER = "$(TEST_HOST)";
				CODE_SIGN_STYLE = Automatic;
				CURRENT_PROJECT_VERSION = 1;
				DEVELOPMENT_TEAM = JP4TN5PTS3;
				GENERATE_INFOPLIST_FILE = YES;
				IPHONEOS_DEPLOYMENT_TARGET = 18.4;
				PRODUCT_BUNDLE_IDENTIFIER = com.zzoutuo.VaultNote.VaultNoteTests;
				PRODUCT_NAME = "$(TARGET_NAME)";
				SWIFT_EMIT_LOC_STRINGS = NO;
				SWIFT_VERSION = 5.0;
				TARGETED_DEVICE_FAMILY = "1,2";
				TEST_HOST = "$(BUILT_PRODUCTS_DIR)/VaultNote.app/$(BUNDLE_EXECUTABLE_FOLDER_PATH)/VaultNote";
			};
			name = Debug;
		};
		6A706EE12F9DD010006956A0 /* Release */ = {
			isa = XCBuildConfiguration;
			buildSettings = {
				BUNDLE_LOADER = "$(TEST_HOST)";
				CODE_SIGN_STYLE = Automatic;
				CURRENT_PROJECT_VERSION = 1;
				DEVELOPMENT_TEAM = JP4TN5PTS3;
				GENERATE_INFOPLIST_FILE = YES;
				IPHONEOS_DEPLOYMENT_TARGET = 18.4;
				PRODUCT_BUNDLE_IDENTIFIER = com.zzoutuo.VaultNote.VaultNoteTests;
				PRODUCT_NAME = "$(TARGET_NAME)";
				SWIFT_EMIT_LOC_STRINGS = NO;
				SWIFT_VERSION = 5.0;
				TARGETED_DEVICE_FAMILY = "1,2";
				TEST_HOST = "$(BUILT_PRODUCTS_DIR)/VaultNote.app/$(BUNDLE_EXECUTABLE_FOLDER_PATH)/VaultNote";
			};
			name = Release;
		};
		6A706EE32F9DD010006956A0 /* Debug */ = {
			isa = XCBuildConfiguration;
			buildSettings = {
				CODE_SIGN_STYLE = Automatic;
				CURRENT_PROJECT_VERSION = 1;
				DEVELOPMENT_TEAM = JP4TN5PTS3;
				GENERATE_INFOPLIST_FILE = YES;
				PRODUCT_BUNDLE_IDENTIFIER = com.zzoutuo.VaultNote.VaultNoteUITests;
				PRODUCT_NAME = "$(TARGET_NAME)";
				SWIFT_EMIT_LOC_STRINGS = NO;
				SWIFT_VERSION = 5.0;
				TARGETED_DEVICE_FAMILY = "1,2";
				TEST_TARGET_NAME = VaultNote;
			};
			name = Debug;
		};
		6A706EE42F9DD010006956A0 /* Release */ = {
			isa = XCBuildConfiguration;
			buildSettings = {
				CODE_SIGN_STYLE = Automatic;
				CURRENT_PROJECT_VERSION = 1;
				DEVELOPMENT_TEAM = JP4TN5PTS3;
				GENERATE_INFOPLIST_FILE = YES;
				PRODUCT_BUNDLE_IDENTIFIER = com.zzoutuo.VaultNote.VaultNoteUITests;
				PRODUCT_NAME = "$(TARGET_NAME)";
				SWIFT_EMIT_LOC_STRINGS = NO;
				SWIFT_VERSION = 5.0;
				TARGETED_DEVICE_FAMILY = "1,2";
				TEST_TARGET_NAME = VaultNote;
			};
			name = Release;
		};
		6A9154C42FA2484A00F47542 /* Debug */ = {
			isa = XCBuildConfiguration;
			buildSettings = {
				ASSETCATALOG_COMPILER_GLOBAL_ACCENT_COLOR_NAME = AccentColor;
				ASSETCATALOG_COMPILER_WIDGET_BACKGROUND_COLOR_NAME = WidgetBackground;
				CODE_SIGN_ENTITLEMENTS = VaultNoteWidgetExtension.entitlements;
				CODE_SIGN_STYLE = Automatic;
				CURRENT_PROJECT_VERSION = 1;
				DEVELOPMENT_TEAM = JP4TN5PTS3;
				GENERATE_INFOPLIST_FILE = YES;
				INFOPLIST_FILE = VaultNoteWidget/Info.plist;
				INFOPLIST_KEY_CFBundleDisplayName = VaultNoteWidget;
				INFOPLIST_KEY_NSHumanReadableCopyright = "";
				IPHONEOS_DEPLOYMENT_TARGET = 26.4;
				LD_RUNPATH_SEARCH_PATHS = (
					"$(inherited)",
					"@executable_path/Frameworks",
					"@executable_path/../../Frameworks",
				);
				PRODUCT_BUNDLE_IDENTIFIER = com.zzoutuo.VaultNote.VaultNoteWidget;
				PRODUCT_NAME = "$(TARGET_NAME)";
				SKIP_INSTALL = YES;
				STRING_CATALOG_GENERATE_SYMBOLS = YES;
				SWIFT_APPROACHABLE_CONCURRENCY = YES;
				SWIFT_EMIT_LOC_STRINGS = YES;
				SWIFT_UPCOMING_FEATURE_MEMBER_IMPORT_VISIBILITY = YES;
				SWIFT_VERSION = 5.0;
				TARGETED_DEVICE_FAMILY = "1,2";
			};
			name = Debug;
		};
		6A9154C52FA2484A00F47542 /* Release */ = {
			isa = XCBuildConfiguration;
			buildSettings = {
				ASSETCATALOG_COMPILER_GLOBAL_ACCENT_COLOR_NAME = AccentColor;
				ASSETCATALOG_COMPILER_WIDGET_BACKGROUND_COLOR_NAME = WidgetBackground;
				CODE_SIGN_ENTITLEMENTS = VaultNoteWidgetExtension.entitlements;
				CODE_SIGN_STYLE = Automatic;
				CURRENT_PROJECT_VERSION = 1;
				DEVELOPMENT_TEAM = JP4TN5PTS3;
				GENERATE_INFOPLIST_FILE = YES;
				INFOPLIST_FILE = VaultNoteWidget/Info.plist;
				INFOPLIST_KEY_CFBundleDisplayName = VaultNoteWidget;
				INFOPLIST_KEY_NSHumanReadableCopyright = "";
				IPHONEOS_DEPLOYMENT_TARGET = 26.4;
				LD_RUNPATH_SEARCH_PATHS = (
					"$(inherited)",
					"@executable_path/Frameworks",
					"@executable_path/../../Frameworks",
				);
				PRODUCT_BUNDLE_IDENTIFIER = com.zzoutuo.VaultNote.VaultNoteWidget;
				PRODUCT_NAME = "$(TARGET_NAME)";
				SKIP_INSTALL = YES;
				STRING_CATALOG_GENERATE_SYMBOLS = YES;
				SWIFT_APPROACHABLE_CONCURRENCY = YES;
				SWIFT_EMIT_LOC_STRINGS = YES;
				SWIFT_UPCOMING_FEATURE_MEMBER_IMPORT_VISIBILITY = YES;
				SWIFT_VERSION = 5.0;
				TARGETED_DEVICE_FAMILY = "1,2";
			};
			name = Release;
		};
		6A9154DB2FA2539600F47542 /* Debug */ = {
			isa = XCBuildConfiguration;
			buildSettings = {
				CODE_SIGN_STYLE = Automatic;
				CURRENT_PROJECT_VERSION = 1;
				DEVELOPMENT_TEAM = JP4TN5PTS3;
				GENERATE_INFOPLIST_FILE = YES;
				INFOPLIST_FILE = VaultNoteShare/Info.plist;
				INFOPLIST_KEY_CFBundleDisplayName = VaultNoteShare;
				INFOPLIST_KEY_NSHumanReadableCopyright = "";
				IPHONEOS_DEPLOYMENT_TARGET = 26.4;
				LD_RUNPATH_SEARCH_PATHS = (
					"$(inherited)",
					"@executable_path/Frameworks",
					"@executable_path/../../Frameworks",
				);
				PRODUCT_BUNDLE_IDENTIFIER = com.zzoutuo.VaultNote.VaultNoteShare;
				PRODUCT_NAME = "$(TARGET_NAME)";
				SKIP_INSTALL = YES;
				STRING_CATALOG_GENERATE_SYMBOLS = YES;
				SWIFT_APPROACHABLE_CONCURRENCY = YES;
				SWIFT_EMIT_LOC_STRINGS = YES;
				SWIFT_UPCOMING_FEATURE_MEMBER_IMPORT_VISIBILITY = YES;
				SWIFT_VERSION = 5.0;
				TARGETED_DEVICE_FAMILY = "1,2";
			};
			name = Debug;
		};
		6A9154DC2FA2539600F47542 /* Release */ = {
			isa = XCBuildConfiguration;
			buildSettings = {
				CODE_SIGN_STYLE = Automatic;
				CURRENT_PROJECT_VERSION = 1;
				DEVELOPMENT_TEAM = JP4TN5PTS3;
				GENERATE_INFOPLIST_FILE = YES;
				INFOPLIST_FILE = VaultNoteShare/Info.plist;
				INFOPLIST_KEY_CFBundleDisplayName = VaultNoteShare;
				INFOPLIST_KEY_NSHumanReadableCopyright = "";
				IPHONEOS_DEPLOYMENT_TARGET = 26.4;
				LD_RUNPATH_SEARCH_PATHS = (
					"$(inherited)",
					"@executable_path/Frameworks",
					"@executable_path/../../Frameworks",
				);
				PRODUCT_BUNDLE_IDENTIFIER = com.zzoutuo.VaultNote.VaultNoteShare;
				PRODUCT_NAME = "$(TARGET_NAME)";
				SKIP_INSTALL = YES;
				STRING_CATALOG_GENERATE_SYMBOLS = YES;
				SWIFT_APPROACHABLE_CONCURRENCY = YES;
				SWIFT_EMIT_LOC_STRINGS = YES;
				SWIFT_UPCOMING_FEATURE_MEMBER_IMPORT_VISIBILITY = YES;
				SWIFT_VERSION = 5.0;
				TARGETED_DEVICE_FAMILY = "1,2";
			};
			name = Release;
		};
/* End XCBuildConfiguration section */

/* Begin XCConfigurationList section */
		6A706EB62F9DD00F006956A0 /* Build configuration list for PBXProject "VaultNote" */ = {
			isa = XCConfigurationList;
			buildConfigurations = (
				6A706EDA2F9DD010006956A0 /* Debug */,
				6A706EDB2F9DD010006956A0 /* Release */,
			);
			defaultConfigurationIsVisible = 0;
			defaultConfigurationName = Release;
		};
		6A706EDC2F9DD010006956A0 /* Build configuration list for PBXNativeTarget "VaultNote" */ = {
			isa = XCConfigurationList;
			buildConfigurations = (
				6A706EDD2F9DD010006956A0 /* Debug */,
				6A706EDE2F9DD010006956A0 /* Release */,
			);
			defaultConfigurationIsVisible = 0;
			defaultConfigurationName = Release;
		};
		6A706EDF2F9DD010006956A0 /* Build configuration list for PBXNativeTarget "VaultNoteTests" */ = {
			isa = XCConfigurationList;
			buildConfigurations = (
				6A706EE02F9DD010006956A0 /* Debug */,
				6A706EE12F9DD010006956A0 /* Release */,
			);
			defaultConfigurationIsVisible = 0;
			defaultConfigurationName = Release;
		};
		6A706EE22F9DD010006956A0 /* Build configuration list for PBXNativeTarget "VaultNoteUITests" */ = {
			isa = XCConfigurationList;
			buildConfigurations = (
				6A706EE32F9DD010006956A0 /* Debug */,
				6A706EE42F9DD010006956A0 /* Release */,
			);
			defaultConfigurationIsVisible = 0;
			defaultConfigurationName = Release;
		};
		6A9154C32FA2484A00F47542 /* Build configuration list for PBXNativeTarget "VaultNoteWidgetExtension" */ = {
			isa = XCConfigurationList;
			buildConfigurations = (
				6A9154C42FA2484A00F47542 /* Debug */,
				6A9154C52FA2484A00F47542 /* Release */,
			);
			defaultConfigurationIsVisible = 0;
			defaultConfigurationName = Release;
		};
		6A9154DA2FA2539600F47542 /* Build configuration list for PBXNativeTarget "VaultNoteShare" */ = {
			isa = XCConfigurationList;
			buildConfigurations = (
				6A9154DB2FA2539600F47542 /* Debug */,
				6A9154DC2FA2539600F47542 /* Release */,
			);
			defaultConfigurationIsVisible = 0;
			defaultConfigurationName = Release;
		};
/* End XCConfigurationList section */
	};
	rootObject = 6A706EB32F9DD00F006956A0 /* Project object */;
}
